// !$*UTF8*$!
{
	archiveVersion = 1;
	classes = {
	};
	objectVersion = 50;
	objects = {

/* Begin PBXBuildFile section */
		BF0ED289249F6A6C002A4EB2 /* AppDelegate.swift in Sources */ = {isa = PBXBuildFile; fileRef = BF0ED288249F6A6C002A4EB2 /* AppDelegate.swift */; };
		BF0ED28B249F6A6C002A4EB2 /* SceneDelegate.swift in Sources */ = {isa = PBXBuildFile; fileRef = BF0ED28A249F6A6C002A4EB2 /* SceneDelegate.swift */; };
		BF0ED28D249F6A6C002A4EB2 /* ViewController.swift in Sources */ = {isa = PBXBuildFile; fileRef = BF0ED28C249F6A6C002A4EB2 /* ViewController.swift */; };
		BF0ED292249F6A70002A4EB2 /* Assets.xcassets in Resources */ = {isa = PBXBuildFile; fileRef = BF0ED291249F6A70002A4EB2 /* Assets.xcassets */; };
		BF0ED295249F6A70002A4EB2 /* LaunchScreen.storyboard in Resources */ = {isa = PBXBuildFile; fileRef = BF0ED293249F6A70002A4EB2 /* LaunchScreen.storyboard */; };
		BF0ED2A0249F6A70002A4EB2 /* FixedVolumeViewControllerTests.swift in Sources */ = {isa = PBXBuildFile; fileRef = BF0ED29F249F6A70002A4EB2 /* FixedVolumeViewControllerTests.swift */; };
		BF0ED2AB249F6A8C002A4EB2 /* Main.storyboard in Resources */ = {isa = PBXBuildFile; fileRef = BF0ED2AA249F6A8C002A4EB2 /* Main.storyboard */; };
		BF0ED2AD249F6A9E002A4EB2 /* sample.mp3 in Resources */ = {isa = PBXBuildFile; fileRef = BF0ED2AC249F6A9E002A4EB2 /* sample.mp3 */; };
/* End PBXBuildFile section */

/* Begin PBXContainerItemProxy section */
		BF0ED29C249F6A70002A4EB2 /* PBXContainerItemProxy */ = {
			isa = PBXContainerItemProxy;
			containerPortal = BF0ED27D249F6A6C002A4EB2 /* Project object */;
			proxyType = 1;
			remoteGlobalIDString = BF0ED284249F6A6C002A4EB2;
			remoteInfo = FixedVolumeViewController;
		};
/* End PBXContainerItemProxy section */

/* Begin PBXFileReference section */
		BF0ED285249F6A6C002A4EB2 /* FixedVolumeViewController.app */ = {isa = PBXFileReference; explicitFileType = wrapper.application; includeInIndex = 0; path = FixedVolumeViewController.app; sourceTree = BUILT_PRODUCTS_DIR; };
		BF0ED288249F6A6C002A4EB2 /* AppDelegate.swift */ = {isa = PBXFileReference; lastKnownFileType = sourcecode.swift; path = AppDelegate.swift; sourceTree = "<group>"; };
		BF0ED28A249F6A6C002A4EB2 /* SceneDelegate.swift */ = {isa = PBXFileReference; lastKnownFileType = sourcecode.swift; path = SceneDelegate.swift; sourceTree = "<group>"; };
		BF0ED28C249F6A6C002A4EB2 /* ViewController.swift */ = {isa = PBXFileReference; lastKnownFileType = sourcecode.swift; path = ViewController.swift; sourceTree = "<group>"; };
		BF0ED291249F6A70002A4EB2 /* Assets.xcassets */ = {isa = PBXFileReference; lastKnownFileType = folder.assetcatalog; path = Assets.xcassets; sourceTree = "<group>"; };
		BF0ED294249F6A70002A4EB2 /* Base */ = {isa = PBXFileReference; lastKnownFileType = file.storyboard; name = Base; path = Base.lproj/LaunchScreen.storyboard; sourceTree = "<group>"; };
		BF0ED296249F6A70002A4EB2 /* Info.plist */ = {isa = PBXFileReference; lastKnownFileType = text.plist.xml; path = Info.plist; sourceTree = "<group>"; };
		BF0ED29B249F6A70002A4EB2 /* FixedVolumeViewControllerTests.xctest */ = {isa = PBXFileReference; explicitFileType = wrapper.cfbundle; includeInIndex = 0; path = FixedVolumeViewControllerTests.xctest; sourceTree = BUILT_PRODUCTS_DIR; };
		BF0ED29F249F6A70002A4EB2 /* FixedVolumeViewControllerTests.swift */ = {isa = PBXFileReference; lastKnownFileType = sourcecode.swift; path = FixedVolumeViewControllerTests.swift; sourceTree = "<group>"; };
		BF0ED2A1249F6A70002A4EB2 /* Info.plist */ = {isa = PBXFileReference; lastKnownFileType = text.plist.xml; path = Info.plist; sourceTree = "<group>"; };
		BF0ED2AA249F6A8C002A4EB2 /* Main.storyboard */ = {isa = PBXFileReference; fileEncoding = 4; lastKnownFileType = file.storyboard; path = Main.storyboard; sourceTree = "<group>"; };
		BF0ED2AC249F6A9E002A4EB2 /* sample.mp3 */ = {isa = PBXFileReference; lastKnownFileType = audio.mp3; path = sample.mp3; sourceTree = "<group>"; };
/* End PBXFileReference section */

/* Begin PBXFrameworksBuildPhase section */
		BF0ED282249F6A6C002A4EB2 /* Frameworks */ = {
			isa = PBXFrameworksBuildPhase;
			buildActionMask = 2147483647;
			files = (
			);
			runOnlyForDeploymentPostprocessing = 0;
		};
		BF0ED298249F6A70002A4EB2 /* Frameworks */ = {
			isa = PBXFrameworksBuildPhase;
			buildActionMask = 2147483647;
			files = (
			);
			runOnlyForDeploymentPostprocessing = 0;
		};
/* End PBXFrameworksBuildPhase section */

/* Begin PBXGroup section */
		BF0ED27C249F6A6C002A4EB2 = {
			isa = PBXGroup;
			children = (
				BF0ED287249F6A6C002A4EB2 /* FixedVolumeViewController */,
				BF0ED29E249F6A70002A4EB2 /* FixedVolumeViewControllerTests */,
				BF0ED286249F6A6C002A4EB2 /* Products */,
			);
			sourceTree = "<group>";
		};
		BF0ED286249F6A6C002A4EB2 /* Products */ = {
			isa = PBXGroup;
			children = (
				BF0ED285249F6A6C002A4EB2 /* FixedVolumeViewController.app */,
				BF0ED29B249F6A70002A4EB2 /* FixedVolumeViewControllerTests.xctest */,
			);
			name = Products;
			sourceTree = "<group>";
		};
		BF0ED287249F6A6C002A4EB2 /* FixedVolumeViewController */ = {
			isa = PBXGroup;
			children = (
				BF0ED288249F6A6C002A4EB2 /* AppDelegate.swift */,
				BF0ED28A249F6A6C002A4EB2 /* SceneDelegate.swift */,
				BF0ED28C249F6A6C002A4EB2 /* ViewController.swift */,
				BF0ED2AA249F6A8C002A4EB2 /* Main.storyboard */,
				BF0ED291249F6A70002A4EB2 /* Assets.xcassets */,
				BF0ED2AC249F6A9E002A4EB2 /* sample.mp3 */,
				BF0ED293249F6A70002A4EB2 /* LaunchScreen.storyboard */,
				BF0ED296249F6A70002A4EB2 /* Info.plist */,
			);
			path = FixedVolumeViewController;
			sourceTree = "<group>";
		};
		BF0ED29E249F6A70002A4EB2 /* FixedVolumeViewControllerTests */ = {
			isa = PBXGroup;
			children = (
				BF0ED29F249F6A70002A4EB2 /* FixedVolumeViewControllerTests.swift */,
				BF0ED2A1249F6A70002A4EB2 /* Info.plist */,
			);
			path = FixedVolumeViewControllerTests;
			sourceTree = "<group>";
		};
/* End PBXGroup section */

/* Begin PBXNativeTarget section */
		BF0ED284249F6A6C002A4EB2 /* FixedVolumeViewController */ = {
			isa = PBXNativeTarget;
			buildConfigurationList = BF0ED2A4249F6A70002A4EB2 /* Build configuration list for PBXNativeTarget "FixedVolumeViewController" */;
			buildPhases = (
				BF0ED281249F6A6C002A4EB2 /* Sources */,
				BF0ED282249F6A6C002A4EB2 /* Frameworks */,
				BF0ED283249F6A6C002A4EB2 /* Resources */,
			);
			buildRules = (
			);
			dependencies = (
			);
			name = FixedVolumeViewController;
			productName = FixedVolumeViewController;
			productReference = BF0ED285249F6A6C002A4EB2 /* FixedVolumeViewController.app */;
			productType = "com.apple.product-type.application";
		};
		BF0ED29A249F6A70002A4EB2 /* FixedVolumeViewControllerTests */ = {
			isa = PBXNativeTarget;
			buildConfigurationList = BF0ED2A7249F6A70002A4EB2 /* Build configuration list for PBXNativeTarget "FixedVolumeViewControllerTests" */;
			buildPhases = (
				BF0ED297249F6A70002A4EB2 /* Sources */,
				BF0ED298249F6A70002A4EB2 /* Frameworks */,
				BF0ED299249F6A70002A4EB2 /* Resources */,
			);
			buildRules = (
			);
			dependencies = (
				BF0ED29D249F6A70002A4EB2 /* PBXTargetDependency */,
			);
			name = FixedVolumeViewControllerTests;
			productName = FixedVolumeViewControllerTests;
			productReference = BF0ED29B249F6A70002A4EB2 /* FixedVolumeViewControllerTests.xctest */;
			productType = "com.apple.product-type.bundle.unit-test";
		};
/* End PBXNativeTarget section */

/* Begin PBXProject section */
		BF0ED27D249F6A6C002A4EB2 /* Project object */ = {
			isa = PBXProject;
			attributes = {
				LastSwiftUpdateCheck = 1140;
				LastUpgradeCheck = 1140;
				ORGANIZATIONNAME = "r-kojima";
				TargetAttributes = {
					BF0ED284249F6A6C002A4EB2 = {
						CreatedOnToolsVersion = 11.4;
					};
					BF0ED29A249F6A70002A4EB2 = {
						CreatedOnToolsVersion = 11.4;
						TestTargetID = BF0ED284249F6A6C002A4EB2;
					};
				};
			};
			buildConfigurationList = BF0ED280249F6A6C002A4EB2 /* Build configuration list for PBXProject "FixedVolumeViewController" */;
			compatibilityVersion = "Xcode 9.3";
			developmentRegion = en;
			hasScannedForEncodings = 0;
			knownRegions = (
				en,
				Base,
			);
			mainGroup = BF0ED27C249F6A6C002A4EB2;
			productRefGroup = BF0ED286249F6A6C002A4EB2 /* Products */;
			projectDirPath = "";
			projectRoot = "";
			targets = (
				BF0ED284249F6A6C002A4EB2 /* FixedVolumeViewController */,
				BF0ED29A249F6A70002A4EB2 /* FixedVolumeViewControllerTests */,
			);
		};
/* End PBXProject section */

/* Begin PBXResourcesBuildPhase section */
		BF0ED283249F6A6C002A4EB2 /* Resources */ = {
			isa = PBXResourcesBuildPhase;
			buildActionMask = 2147483647;
			files = (
				BF0ED295249F6A70002A4EB2 /* LaunchScreen.storyboard in Resources */,
				BF0ED292249F6A70002A4EB2 /* Assets.xcassets in Resources */,
				BF0ED2AD249F6A9E002A4EB2 /* sample.mp3 in Resources */,
				BF0ED2AB249F6A8C002A4EB2 /* Main.storyboard in Resources */,
			);
			runOnlyForDeploymentPostprocessing = 0;
		};
		BF0ED299249F6A70002A4EB2 /* Resources */ = {
			isa = PBXResourcesBuildPhase;
			buildActionMask = 2147483647;
			files = (
			);
			runOnlyForDeploymentPostprocessing = 0;
		};
/* End PBXResourcesBuildPhase section */

/* Begin PBXSourcesBuildPhase section */
		BF0ED281249F6A6C002A4EB2 /* Sources */ = {
			isa = PBXSourcesBuildPhase;
			buildActionMask = 2147483647;
			files = (
				BF0ED28D249F6A6C002A4EB2 /* ViewController.swift in Sources */,
				BF0ED289249F6A6C002A4EB2 /* AppDelegate.swift in Sources */,
				BF0ED28B249F6A6C002A4EB2 /* SceneDelegate.swift in Sources */,
			);
			runOnlyForDeploymentPostprocessing = 0;
		};
		BF0ED297249F6A70002A4EB2 /* Sources */ = {
			isa = PBXSourcesBuildPhase;
			buildActionMask = 2147483647;
			files = (
				BF0ED2A0249F6A70002A4EB2 /* FixedVolumeViewControllerTests.swift in Sources */,
			);
			runOnlyForDeploymentPostprocessing = 0;
		};
/* End PBXSourcesBuildPhase section */

/* Begin PBXTargetDependency section */
		BF0ED29D249F6A70002A4EB2 /* PBXTargetDependency */ = {
			isa = PBXTargetDependency;
			target = BF0ED284249F6A6C002A4EB2 /* FixedVolumeViewController */;
			targetProxy = BF0ED29C249F6A70002A4EB2 /* PBXContainerItemProxy */;
		};
/* End PBXTargetDependency section */

/* Begin PBXVariantGroup section */
		BF0ED293249F6A70002A4EB2 /* LaunchScreen.storyboard */ = {
			isa = PBXVariantGroup;
			children = (
				BF0ED294249F6A70002A4EB2 /* Base */,
			);
			name = LaunchScreen.storyboard;
			sourceTree = "<group>";
		};
/* End PBXVariantGroup section */

/* Begin XCBuildConfiguration section */
		BF0ED2A2249F6A70002A4EB2 /* Debug */ = {
			isa = XCBuildConfiguration;
			buildSettings = {
				ALWAYS_SEARCH_USER_PATHS = NO;
				CLANG_ANALYZER_NONNULL = YES;
				CLANG_ANALYZER_NUMBER_OBJECT_CONVERSION = YES_AGGRESSIVE;
				CLANG_CXX_LANGUAGE_STANDARD = "gnu++14";
				CLANG_CXX_LIBRARY = "libc++";
				CLANG_ENABLE_MODULES = YES;
				CLANG_ENABLE_OBJC_ARC = YES;
				CLANG_ENABLE_OBJC_WEAK = YES;
				CLANG_WARN_BLOCK_CAPTURE_AUTORELEASING = YES;
				CLANG_WARN_BOOL_CONVERSION = YES;
				CLANG_WARN_COMMA = YES;
				CLANG_WARN_CONSTANT_CONVERSION = YES;
				CLANG_WARN_DEPRECATED_OBJC_IMPLEMENTATIONS = YES;
				CLANG_WARN_DIRECT_OBJC_ISA_USAGE = YES_ERROR;
				CLANG_WARN_DOCUMENTATION_COMMENTS = YES;
				CLANG_WARN_EMPTY_BODY = YES;
				CLANG_WARN_ENUM_CONVERSION = YES;
				CLANG_WARN_INFINITE_RECURSION = YES;
				CLANG_WARN_INT_CONVERSION = YES;
				CLANG_WARN_NON_LITERAL_NULL_CONVERSION = YES;
				CLANG_WARN_OBJC_IMPLICIT_RETAIN_SELF = YES;
				CLANG_WARN_OBJC_LITERAL_CONVERSION = YES;
				CLANG_WARN_OBJC_ROOT_CLASS = YES_ERROR;
				CLANG_WARN_RANGE_LOOP_ANALYSIS = YES;
				CLANG_WARN_STRICT_PROTOTYPES = YES;
				CLANG_WARN_SUSPICIOUS_MOVE = YES;
				CLANG_WARN_UNGUARDED_AVAILABILITY = YES_AGGRESSIVE;
				CLANG_WARN_UNREACHABLE_CODE = YES;
				CLANG_WARN__DUPLICATE_METHOD_MATCH = YES;
				COPY_PHASE_STRIP = NO;
				DEBUG_INFORMATION_FORMAT = dwarf;
				ENABLE_STRICT_OBJC_MSGSEND = YES;
				ENABLE_TESTABILITY = YES;
				GCC_C_LANGUAGE_STANDARD = gnu11;
				GCC_DYNAMIC_NO_PIC = NO;
				GCC_NO_COMMON_BLOCKS = YES;
				GCC_OPTIMIZATION_LEVEL = 0;
				GCC_PREPROCESSOR_DEFINITIONS = (
					"DEBUG=1",
					"$(inherited)",
				);
				GCC_WARN_64_TO_32_BIT_CONVERSION = YES;
				GCC_WARN_ABOUT_RETURN_TYPE = YES_ERROR;
				GCC_WARN_UNDECLARED_SELECTOR = YES;
				GCC_WARN_UNINITIALIZED_AUTOS = YES_AGGRESSIVE;
				GCC_WARN_UNUSED_FUNCTION = YES;
				GCC_WARN_UNUSED_VARIABLE = YES;
				IPHONEOS_DEPLOYMENT_TARGET = 13.4;
				MTL_ENABLE_DEBUG_INFO = INCLUDE_SOURCE;
				MTL_FAST_MATH = YES;
				ONLY_ACTIVE_ARCH = YES;
				SDKROOT = iphoneos;
				SWIFT_ACTIVE_COMPILATION_CONDITIONS = DEBUG;
				SWIFT_OPTIMIZATION_LEVEL = "-Onone";
			};
			name = Debug;
		};
		BF0ED2A3249F6A70002A4EB2 /* Release */ = {
			isa = XCBuildConfiguration;
			buildSettings = {
				ALWAYS_SEARCH_USER_PATHS = NO;
				CLANG_ANALYZER_NONNULL = YES;
				CLANG_ANALYZER_NUMBER_OBJECT_CONVERSION = YES_AGGRESSIVE;
				CLANG_CXX_LANGUAGE_STANDARD = "gnu++14";
				CLANG_CXX_LIBRARY = "libc++";
				CLANG_ENABLE_MODULES = YES;
				CLANG_ENABLE_OBJC_ARC = YES;
				CLANG_ENABLE_OBJC_WEAK = YES;
				CLANG_WARN_BLOCK_CAPTURE_AUTORELEASING = YES;
				CLANG_WARN_BOOL_CONVERSION = YES;
				CLANG_WARN_COMMA = YES;
				CLANG_WARN_CONSTANT_CONVERSION = YES;
				CLANG_WARN_DEPRECATED_OBJC_IMPLEMENTATIONS = YES;
				CLANG_WARN_DIRECT_OBJC_ISA_USAGE = YES_ERROR;
				CLANG_WARN_DOCUMENTATION_COMMENTS = YES;
				CLANG_WARN_EMPTY_BODY = YES;
				CLANG_WARN_ENUM_CONVERSION = YES;
				CLANG_WARN_INFINITE_RECURSION = YES;
				CLANG_WARN_INT_CONVERSION = YES;
				CLANG_WARN_NON_LITERAL_NULL_CONVERSION = YES;
				CLANG_WARN_OBJC_IMPLICIT_RETAIN_SELF = YES;
				CLANG_WARN_OBJC_LITERAL_CONVERSION = YES;
				CLANG_WARN_OBJC_ROOT_CLASS = YES_ERROR;
				CLANG_WARN_RANGE_LOOP_ANALYSIS = YES;
				CLANG_WARN_STRICT_PROTOTYPES = YES;
				CLANG_WARN_SUSPICIOUS_MOVE = YES;
				CLANG_WARN_UNGUARDED_AVAILABILITY = YES_AGGRESSIVE;
				CLANG_WARN_UNREACHABLE_CODE = YES;
				CLANG_WARN__DUPLICATE_METHOD_MATCH = YES;
				COPY_PHASE_STRIP = NO;
				DEBUG_INFORMATION_FORMAT = "dwarf-with-dsym";
				ENABLE_NS_ASSERTIONS = NO;
				ENABLE_STRICT_OBJC_MSGSEND = YES;
				GCC_C_LANGUAGE_STANDARD = gnu11;
				GCC_NO_COMMON_BLOCKS = YES;
				GCC_WARN_64_TO_32_BIT_CONVERSION = YES;
				GCC_WARN_ABOUT_RETURN_TYPE = YES_ERROR;
				GCC_WARN_UNDECLARED_SELECTOR = YES;
				GCC_WARN_UNINITIALIZED_AUTOS = YES_AGGRESSIVE;
				GCC_WARN_UNUSED_FUNCTION = YES;
				GCC_WARN_UNUSED_VARIABLE = YES;
				IPHONEOS_DEPLOYMENT_TARGET = 13.4;
				MTL_ENABLE_DEBUG_INFO = NO;
				MTL_FAST_MATH = YES;
				SDKROOT = iphoneos;
				SWIFT_COMPILATION_MODE = wholemodule;
				SWIFT_OPTIMIZATION_LEVEL = "-O";
				VALIDATE_PRODUCT = YES;
			};
			name = Release;
		};
		BF0ED2A5249F6A70002A4EB2 /* Debug */ = {
			isa = XCBuildConfiguration;
			buildSettings = {
				ASSETCATALOG_COMPILER_APPICON_NAME = AppIcon;
				CODE_SIGN_STYLE = Automatic;
				DEVELOPMENT_TEAM = 3X79K6BFM6;
				INFOPLIST_FILE = FixedVolumeViewController/Info.plist;
				LD_RUNPATH_SEARCH_PATHS = (
					"$(inherited)",
					"@executable_path/Frameworks",
				);
				PRODUCT_BUNDLE_IDENTIFIER = "com.r-kojima.FixedVolumeViewController";
				PRODUCT_NAME = "$(TARGET_NAME)";
				SWIFT_VERSION = 5.0;
				TARGETED_DEVICE_FAMILY = "1,2";
			};
			name = Debug;
		};
		BF0ED2A6249F6A70002A4EB2 /* Release */ = {
			isa = XCBuildConfiguration;
			buildSettings = {
				ASSETCATALOG_COMPILER_APPICON_NAME = AppIcon;
				CODE_SIGN_STYLE = Automatic;
				DEVELOPMENT_TEAM = 3X79K6BFM6;
				INFOPLIST_FILE = FixedVolumeViewController/Info.plist;
				LD_RUNPATH_SEARCH_PATHS = (
					"$(inherited)",
					"@executable_path/Frameworks",
				);
				PRODUCT_BUNDLE_IDENTIFIER = "com.r-kojima.FixedVolumeViewController";
				PRODUCT_NAME = "$(TARGET_NAME)";
				SWIFT_VERSION = 5.0;
				TARGETED_DEVICE_FAMILY = "1,2";
			};
			name = Release;
		};
		BF0ED2A8249F6A70002A4EB2 /* Debug */ = {
			isa = XCBuildConfiguration;
			buildSettings = {
				ALWAYS_EMBED_SWIFT_STANDARD_LIBRARIES = YES;
				BUNDLE_LOADER = "$(TEST_HOST)";
				CODE_SIGN_STYLE = Automatic;
				DEVELOPMENT_TEAM = 3X79K6BFM6;
				INFOPLIST_FILE = FixedVolumeViewControllerTests/Info.plist;
				IPHONEOS_DEPLOYMENT_TARGET = 13.4;
				LD_RUNPATH_SEARCH_PATHS = (
					"$(inherited)",
					"@executable_path/Frameworks",
					"@loader_path/Frameworks",
				);
				PRODUCT_BUNDLE_IDENTIFIER = "com.r-kojima.FixedVolumeViewControllerTests";
				PRODUCT_NAME = "$(TARGET_NAME)";
				SWIFT_VERSION = 5.0;
				TARGETED_DEVICE_FAMILY = "1,2";
				TEST_HOST = "$(BUILT_PRODUCTS_DIR)/FixedVolumeViewController.app/FixedVolumeViewController";
			};
			name = Debug;
		};
		BF0ED2A9249F6A70002A4EB2 /* Release */ = {
			isa = XCBuildConfiguration;
			buildSettings = {
				ALWAYS_EMBED_SWIFT_STANDARD_LIBRARIES = YES;
				BUNDLE_LOADER = "$(TEST_HOST)";
				CODE_SIGN_STYLE = Automatic;
				DEVELOPMENT_TEAM = 3X79K6BFM6;
				INFOPLIST_FILE = FixedVolumeViewControllerTests/Info.plist;
				IPHONEOS_DEPLOYMENT_TARGET = 13.4;
				LD_RUNPATH_SEARCH_PATHS = (
					"$(inherited)",
					"@executable_path/Frameworks",
					"@loader_path/Frameworks",
				);
				PRODUCT_BUNDLE_IDENTIFIER = "com.r-kojima.FixedVolumeViewControllerTests";
				PRODUCT_NAME = "$(TARGET_NAME)";
				SWIFT_VERSION = 5.0;
				TARGETED_DEVICE_FAMILY = "1,2";
				TEST_HOST = "$(BUILT_PRODUCTS_DIR)/FixedVolumeViewController.app/FixedVolumeViewController";
			};
			name = Release;
		};
/* End XCBuildConfiguration section */

/* Begin XCConfigurationList section */
		BF0ED280249F6A6C002A4EB2 /* Build configuration list for PBXProject "FixedVolumeViewController" */ = {
			isa = XCConfigurationList;
			buildConfigurations = (
				BF0ED2A2249F6A70002A4EB2 /* Debug */,
				BF0ED2A3249F6A70002A4EB2 /* Release */,
			);
			defaultConfigurationIsVisible = 0;
			defaultConfigurationName = Release;
		};
		BF0ED2A4249F6A70002A4EB2 /* Build configuration list for PBXNativeTarget "FixedVolumeViewController" */ = {
			isa = XCConfigurationList;
			buildConfigurations = (
				BF0ED2A5249F6A70002A4EB2 /* Debug */,
				BF0ED2A6249F6A70002A4EB2 /* Release */,
			);
			defaultConfigurationIsVisible = 0;
			defaultConfigurationName = Release;
		};
		BF0ED2A7249F6A70002A4EB2 /* Build configuration list for PBXNativeTarget "FixedVolumeViewControllerTests" */ = {
			isa = XCConfigurationList;
			buildConfigurations = (
				BF0ED2A8249F6A70002A4EB2 /* Debug */,
				BF0ED2A9249F6A70002A4EB2 /* Release */,
			);
			defaultConfigurationIsVisible = 0;
			defaultConfigurationName = Release;
		};
/* End XCConfigurationList section */
	};
	rootObject = BF0ED27D249F6A6C002A4EB2 /* Project object */;
}
